
Microsoft Visual Studio Solution File, Format Version 12.00
# Visual Studio 15
VisualStudioVersion = 15.0.27703.2000
MinimumVisualStudioVersion = 10.0.40219.1
Project("{9A19103F-16F7-4668-BE54-9A1E7A4F7556}") = "AutoToString", "AutoToString\AutoToString\AutoToString.csproj", "{AE5E031E-1BD3-43FD-9E97-CD18F34194CB}"
EndProject
Project("{FAE04EC0-301F-11D3-BF4B-00C04F79EFBC}") = "AutoToString.Vsix", "AutoToString\AutoToString.Vsix\AutoToString.Vsix.csproj", "{30249C14-F247-48FF-AC23-E3D4C9E16611}"
EndProject
Global
	GlobalSection(Performance) = preSolution
		HasPerformanceSessions = true
	EndGlobalSection
	GlobalSection(SolutionConfigurationPlatforms) = preSolution
		Debug|Any CPU = Debug|Any CPU
		Release|Any CPU = Release|Any CPU
	EndGlobalSection
	GlobalSection(ProjectConfigurationPlatforms) = postSolution
		{AE5E031E-1BD3-43FD-9E97-CD18F34194CB}.Debug|Any CPU.ActiveCfg = Debug|Any CPU
		{AE5E031E-1BD3-43FD-9E97-CD18F34194CB}.Debug|Any CPU.Build.0 = Debug|Any CPU
		{AE5E031E-1BD3-43FD-9E97-CD18F34194CB}.Release|Any CPU.ActiveCfg = Release|Any CPU
		{AE5E031E-1BD3-43FD-9E97-CD18F34194CB}.Release|Any CPU.Build.0 = Release|Any CPU
		{30249C14-F247-48FF-AC23-E3D4C9E16611}.Debug|Any CPU.ActiveCfg = Debug|Any CPU
		{30249C14-F247-48FF-AC23-E3D4C9E16611}.Debug|Any CPU.Build.0 = Debug|Any CPU
		{30249C14-F247-48FF-AC23-E3D4C9E16611}.Release|Any CPU.ActiveCfg = Release|Any CPU
		{30249C14-F247-48FF-AC23-E3D4C9E16611}.Release|Any CPU.Build.0 = Release|Any CPU
	EndGlobalSection
	GlobalSection(SolutionProperties) = preSolution
		HideSolutionNode = FALSE
	EndGlobalSection
	GlobalSection(ExtensibilityGlobals) = postSolution
		SolutionGuid = {DAFFE15D-9C79-4F83-8604-1D2A940C70C8}
	EndGlobalSection
EndGlobal
